
Microsoft Visual Studio Solution File, Format Version 12.00
# Visual Studio 15
VisualStudioVersion = 15.0.28307.645
MinimumVisualStudioVersion = 10.0.40219.1
Project("{FAE04EC0-301F-11D3-BF4B-00C04F79EFBC}") = "MyDrinkingStore", "MyDrinkingStore\MyDrinkingStore.csproj", "{0CB43C16-EB77-49CB-95A0-1C3E816FE12E}"
EndProject
Global
	GlobalSection(SolutionConfigurationPlatforms) = preSolution
		Debug|Any CPU = Debug|Any CPU
		Release|Any CPU = Release|Any CPU
	EndGlobalSection
	GlobalSection(ProjectConfigurationPlatforms) = postSolution
		{0CB43C16-EB77-49CB-95A0-1C3E816FE12E}.Debug|Any CPU.ActiveCfg = Debug|Any CPU
		{0CB43C16-EB77-49CB-95A0-1C3E816FE12E}.Debug|Any CPU.Build.0 = Debug|Any CPU
		{0CB43C16-EB77-49CB-95A0-1C3E816FE12E}.Release|Any CPU.ActiveCfg = Release|Any CPU
		{0CB43C16-EB77-49CB-95A0-1C3E816FE12E}.Release|Any CPU.Build.0 = Release|Any CPU
	EndGlobalSection
	GlobalSection(SolutionProperties) = preSolution
		HideSolutionNode = FALSE
	EndGlobalSection
	GlobalSection(ExtensibilityGlobals) = postSolution
		SolutionGuid = {A75B408F-EAEF-4604-8BD5-F0638F5E2EAB}
	EndGlobalSection
EndGlobal
