
Microsoft Visual Studio Solution File, Format Version 12.00
# Visual Studio Version 16
VisualStudioVersion = 16.0.29911.84
MinimumVisualStudioVersion = 10.0.40219.1
Project("{9A19103F-16F7-4668-BE54-9A1E7A4F7556}") = "SalaJocuriLicenta", "SalaJocuriLicenta\SalaJocuriLicenta.csproj", "{CFF5AC7E-F9CE-412E-97D0-6598002B0FFF}"
EndProject
Global
	GlobalSection(SolutionConfigurationPlatforms) = preSolution
		Debug|Any CPU = Debug|Any CPU
		Release|Any CPU = Release|Any CPU
	EndGlobalSection
	GlobalSection(ProjectConfigurationPlatforms) = postSolution
		{CFF5AC7E-F9CE-412E-97D0-6598002B0FFF}.Debug|Any CPU.ActiveCfg = Debug|Any CPU
		{CFF5AC7E-F9CE-412E-97D0-6598002B0FFF}.Debug|Any CPU.Build.0 = Debug|Any CPU
		{CFF5AC7E-F9CE-412E-97D0-6598002B0FFF}.Release|Any CPU.ActiveCfg = Release|Any CPU
		{CFF5AC7E-F9CE-412E-97D0-6598002B0FFF}.Release|Any CPU.Build.0 = Release|Any CPU
	EndGlobalSection
	GlobalSection(SolutionProperties) = preSolution
		HideSolutionNode = FALSE
	EndGlobalSection
	GlobalSection(ExtensibilityGlobals) = postSolution
		SolutionGuid = {A75B408F-EAEF-4604-8BD5-F0638F5E2EAB}
	EndGlobalSection
EndGlobal
